<?xml version="1.0" encoding="utf-8"?>
<Project ToolsVersion="4.0" xmlns="http://schemas.microsoft.com/developer/msbuild/2003">
  <ItemGroup>
    <ClCompile Include="main.cpp" />
    <ClCompile Include="stdafx.cpp" />
    <ClCompile Include="Game.cpp" />
    <ClCompile Include="GameMode.cpp" />
    <ClCompile Include="main.cpp" />
    <ClCompile Include="Perlin.cpp" />
    <ClCompile Include="stdafx.cpp" />
    <ClCompile Include="ChunkFiler.cpp">
      <Filter>World</Filter>
    </ClCompile>
    <ClCompile Include="Entity.cpp">
      <Filter>Entity</Filter>
    </ClCompile>
    <ClCompile Include="IntRect.cpp">
      <Filter>Util</Filter>
    </ClCompile>
    <ClCompile Include="DropItem.cpp">
      <Filter>Item</Filter>
    </ClCompile>
    <ClCompile Include="Item.cpp">
      <Filter>Item</Filter>
    </ClCompile>
    <ClCompile Include="Inventory.cpp">
      <Filter>Inventory</Filter>
    </ClCompile>
    <ClCompile Include="PlayerParameter.cpp">
      <Filter>Entity\Player</Filter>
    </ClCompile>
    <ClCompile Include="Chunk.cpp">
      <Filter>World</Filter>
    </ClCompile>
    <ClCompile Include="CreateOre.cpp">
      <Filter>World</Filter>
    </ClCompile>
    <ClCompile Include="DebugTimer.cpp">
      <Filter>ForTest</Filter>
    </ClCompile>
    <ClCompile Include="Enemy.cpp">
      <Filter>Entity\Enemy</Filter>
    </ClCompile>
    <ClCompile Include="Player.cpp">
      <Filter>Entity\Player</Filter>
    </ClCompile>
    <ClCompile Include="Zombie.cpp">
      <Filter>Entity\Enemy</Filter>
    </ClCompile>
    <ClCompile Include="World.cpp">
      <Filter>World</Filter>
    </ClCompile>
    <ClCompile Include="RandomMapMaker.cpp">
      <Filter>World</Filter>
    </ClCompile>
    <ClCompile Include="WorldInfoFile.cpp">
      <Filter>World</Filter>
    </ClCompile>
    <ClCompile Include="Node.cpp">
      <Filter>GUI</Filter>
    </ClCompile>
    <ClCompile Include="BiomeManager.cpp">
      <Filter>Biome</Filter>
    </ClCompile>
    <ClCompile Include="GUIManager.cpp">
      <Filter>GUI</Filter>
    </ClCompile>
    <ClCompile Include="Biome.cpp">
      <Filter>Biome</Filter>
    </ClCompile>
    <ClCompile Include="ClickEvent.cpp">
      <Filter>GUI\Event</Filter>
    </ClCompile>
    <ClCompile Include="Block.cpp">
      <Filter>Block</Filter>
    </ClCompile>
    <ClCompile Include="InventoryGUI.cpp">
      <Filter>GUI</Filter>
    </ClCompile>
    <ClCompile Include="BlockFactory.cpp">
      <Filter>Block</Filter>
    </ClCompile>
    <ClCompile Include="GameCamera.cpp">
      <Filter>Camera</Filter>
    </ClCompile>
  </ItemGroup>
  <ItemGroup>

    <ClInclude Include="Game.h" />
    <ClInclude Include="DebugTimer.h">
      <Filter>ForTest</Filter>
    </ClInclude>
    <ClInclude Include="GameMode.h" />

    <ClInclude Include="Perlin.h" />

    <ClInclude Include="GameMode.h" />
    <ClInclude Include="resource.h" />
    <ClInclude Include="ChunkFiler.h">
      <Filter>World</Filter>
    </ClInclude>
    <ClInclude Include="ChunkFlags.h">
      <Filter>World</Filter>
    </ClInclude>
    <ClInclude Include="IntVector3.h">
      <Filter>Util</Filter>
    </ClInclude>
    <ClInclude Include="Entity.h">
      <Filter>Entity</Filter>
    </ClInclude>
    <ClInclude Include="ItemStack.h">
      <Filter>Item</Filter>
    </ClInclude>
    <ClInclude Include="ItemType.h">
      <Filter>Item</Filter>
    </ClInclude>
    <ClInclude Include="Chunk.h">
      <Filter>World</Filter>
    </ClInclude>
    <ClInclude Include="CreateOre.h">
      <Filter>World</Filter>
    </ClInclude>
    <ClInclude Include="DropItem.h">
      <Filter>Item</Filter>
    </ClInclude>
    <ClInclude Include="Enemy.h">
      <Filter>Entity\Enemy</Filter>
    </ClInclude>
    <ClInclude Include="Zombie.h">
      <Filter>Entity\Enemy</Filter>
    </ClInclude>
    <ClInclude Include="World.h">
      <Filter>World</Filter>
    </ClInclude>
    <ClInclude Include="RandomMapMaker.h">
      <Filter>World</Filter>
    </ClInclude>
    <ClInclude Include="Player.h">
      <Filter>Entity\Player</Filter>
    </ClInclude>
    <ClInclude Include="PlayerParameter.h">
      <Filter>Entity\Player</Filter>
    </ClInclude>
    <ClInclude Include="IntRect.h">
      <Filter>Util</Filter>
    </ClInclude>
    <ClInclude Include="Item.h">
      <Filter>Item</Filter>
    </ClInclude>
    <ClInclude Include="Inventory.h">
      <Filter>Inventory</Filter>
    </ClInclude>
    <ClInclude Include="Node.h">
      <Filter>GUI</Filter>
    </ClInclude>
    <ClInclude Include="InventoryGUI.h">
      <Filter>GUI</Filter>
    </ClInclude>
    <ClInclude Include="GUIManager.h">
      <Filter>GUI</Filter>
    </ClInclude>
    <ClInclude Include="KeyEvent.h">
      <Filter>GUI\Event</Filter>
    </ClInclude>
    <ClCompile Include="ClickEvent.h">
      <Filter>GUI\Event</Filter>
    </ClCompile>
    <ClInclude Include="WorldInfoFile.h">
      <Filter>World</Filter>
    </ClInclude>
    <ClInclude Include="Biome.h">
      <Filter>Biome</Filter>
    </ClInclude>
    <ClInclude Include="BiomeManager.h">
      <Filter>Biome</Filter>
    </ClInclude>
    <ClInclude Include="Block.h">
      <Filter>Block</Filter>
    </ClInclude>
    <ClInclude Include="BlockFactory.h">
      <Filter>Block</Filter>
    </ClInclude>
    <ClInclude Include="BlockType.h">
      <Filter>Block</Filter>
    </ClInclude>
    <ClInclude Include="GameCamera.h">
      <Filter>Camera</Filter>
    </ClInclude>
  </ItemGroup>
  <ItemGroup>
    <Filter Include="ForTest">
      <UniqueIdentifier>{9b1a111d-7133-40d8-a041-116e45fff757}</UniqueIdentifier>
    </Filter>
    <Filter Include="World">
      <UniqueIdentifier>{ba80f24f-b690-4b0f-8bc9-b5fde5a6eed9}</UniqueIdentifier>
    </Filter>

    <Filter Include="Util">
      <UniqueIdentifier>{e9c33e82-fb73-484a-a508-eaa68b4af968}</UniqueIdentifier>
    </Filter>
    <Filter Include="Entity">
      <UniqueIdentifier>{57c8b8d1-7f62-4300-842a-b1ed89911c8e}</UniqueIdentifier>
    </Filter>
    <Filter Include="Entity\Enemy">
      <UniqueIdentifier>{cd3e36e7-3201-43a7-af48-d00a10f72a22}</UniqueIdentifier>
    </Filter>
    <Filter Include="Entity\Player">
      <UniqueIdentifier>{e5bdf1f4-2cbf-473b-95bd-fd525449a869}</UniqueIdentifier>
    </Filter>
    <Filter Include="Item">
      <UniqueIdentifier>{ca01cd1e-0ea2-44a7-83e9-8b24d99b5edc}</UniqueIdentifier>
    </Filter>
    <Filter Include="Inventory">
      <UniqueIdentifier>{01c63c21-3522-4818-8c65-326f2e0b4a98}</UniqueIdentifier>
    </Filter>
    <Filter Include="sprite">
      <UniqueIdentifier>{75034c3b-e4ad-4cbb-805f-9beddfb42edc}</UniqueIdentifier>
    </Filter>
    <Filter Include="Biome">
      <UniqueIdentifier>{77a7d1ec-934a-4fb9-ba45-299be3f1194f}</UniqueIdentifier>
    </Filter>
    <Filter Include="Block">
      <UniqueIdentifier>{22d57d72-19f3-40d7-bbf8-fdf904499635}</UniqueIdentifier>
    </Filter>
    <Filter Include="Camera">
      <UniqueIdentifier>{fc59a94e-4b08-4565-8c8a-b3aef36a21ad}</UniqueIdentifier>
    </Filter>
    <Filter Include="GUI">
      <UniqueIdentifier>{95b4a211-1593-4665-8f5e-b9a17b04ee1b}</UniqueIdentifier>
    </Filter>
    <Filter Include="GUI\Event">
      <UniqueIdentifier>{0c4b3464-e033-4937-a7f1-5bc15583b460}</UniqueIdentifier>
    </Filter>
  </ItemGroup>
  <ItemGroup>
    <ClCompile Include="Perlin.cpp" />
  </ItemGroup>
  <ItemGroup>
    <ClInclude Include="stdafx.h" />

  </ItemGroup>
  <ItemGroup>
    <ResourceCompile Include="Game.rc" />
  </ItemGroup>
  <ItemGroup>
    <ImageContentTask Include="Resource\sprite\star.png">
      <Filter>sprite</Filter>
    </ImageContentTask>
    <ImageContentTask Include="Resource\sprite\HP_fond.png">
      <Filter>sprite</Filter>
    </ImageContentTask>
    <ImageContentTask Include="Resource\sprite\HP_Half.png">
      <Filter>sprite</Filter>
    </ImageContentTask>
    <ImageContentTask Include="Resource\sprite\HP_Left.png">
      <Filter>sprite</Filter>
    </ImageContentTask>
    <ImageContentTask Include="Resource\sprite\HP_Max.png">
      <Filter>sprite</Filter>
    </ImageContentTask>
    <ImageContentTask Include="Resource\sprite\HP_Right.png">
      <Filter>sprite</Filter>
    </ImageContentTask>

    <ImageContentTask Include="Resource\sprite\stamina_Found.png">
      <Filter>sprite</Filter>
    </ImageContentTask>
    <ImageContentTask Include="Resource\sprite\stamina_Half.png">
      <Filter>sprite</Filter>
    </ImageContentTask>
    <ImageContentTask Include="Resource\sprite\stamina_Left.png">
      <Filter>sprite</Filter>
    </ImageContentTask>
    <ImageContentTask Include="Resource\sprite\stamina_Max.png">
      <Filter>sprite</Filter>
    </ImageContentTask>
    <ImageContentTask Include="Resource\sprite\stamina_Right.png">
      <Filter>sprite</Filter>
    </ImageContentTask>
    <ImageContentTask Include="Resource\sprite\KariInventory.png">
      <Filter>sprite</Filter>
    </ImageContentTask>
  </ItemGroup>
  <ItemGroup>
    <Image Include="Assets\mc2.ico">
      <Filter>sprite</Filter>
    </Image>
  </ItemGroup>
  <ItemGroup>
    <Image Include="Assets\mc2.ico" />
    <Image Include="Resource\sprite\OnHandInventory.png">
      <Filter>sprite</Filter>
    </Image>
  </ItemGroup>
</Project>