
Microsoft Visual Studio Solution File, Format Version 12.00
# Visual Studio Version 16
VisualStudioVersion = 16.0.29409.12
MinimumVisualStudioVersion = 10.0.40219.1
Project("{8BC9CEB8-8B4A-11D0-8D11-00A0C91BC942}") = "Game", "Game.vcxproj", "{6EC7D143-E193-4785-BD3E-BF31C4E185D0}"
	ProjectSection(ProjectDependencies) = postProject
		{78612C61-DC1C-4143-B5F7-1534A721E849} = {78612C61-DC1C-4143-B5F7-1534A721E849}
	EndProjectSection
EndProject
Project("{8BC9CEB8-8B4A-11D0-8D11-00A0C91BC942}") = "DemolisherWeapon", "..\..\DemolisherWeapon\DemolisherWeapon\DemolisherWeapon.vcxproj", "{78612C61-DC1C-4143-B5F7-1534A721E849}"
	ProjectSection(ProjectDependencies) = postProject
		{3E0E8608-CD9B-4C76-AF33-29CA38F2C9F0} = {3E0E8608-CD9B-4C76-AF33-29CA38F2C9F0}
		{E0B52AE7-E160-4D32-BF3F-910B785E5A8E} = {E0B52AE7-E160-4D32-BF3F-910B785E5A8E}
	EndProjectSection
EndProject
Project("{8BC9CEB8-8B4A-11D0-8D11-00A0C91BC942}") = "DirectXTK_Desktop_2015_Win10", "..\..\DemolisherWeapon\DemolisherWeapon\DirectXTK\DirectXTK_Desktop_2015_Win10.vcxproj", "{E0B52AE7-E160-4D32-BF3F-910B785E5A8E}"
EndProject
Project("{8BC9CEB8-8B4A-11D0-8D11-00A0C91BC942}") = "DirectXTK12", "..\..\DemolisherWeapon\DemolisherWeapon\DirectXTK12\DirectXTK_Desktop_2017_Win10.vcxproj", "{3E0E8608-CD9B-4C76-AF33-29CA38F2C9F0}"
EndProject
Global
	GlobalSection(SolutionConfigurationPlatforms) = preSolution
		Debug|ARM64 = Debug|ARM64
		Debug|x64 = Debug|x64
		Debug|x86 = Debug|x86
		DX12_Debug|ARM64 = DX12_Debug|ARM64
		DX12_Debug|x64 = DX12_Debug|x64
		DX12_Debug|x86 = DX12_Debug|x86
		Preview|ARM64 = Preview|ARM64
		Preview|x64 = Preview|x64
		Preview|x86 = Preview|x86
		Release|ARM64 = Release|ARM64
		Release|x64 = Release|x64
		Release|x86 = Release|x86
	EndGlobalSection
	GlobalSection(ProjectConfigurationPlatforms) = postSolution
		{6EC7D143-E193-4785-BD3E-BF31C4E185D0}.Debug|ARM64.ActiveCfg = Debug|Win32
		{6EC7D143-E193-4785-BD3E-BF31C4E185D0}.Debug|x64.ActiveCfg = Debug|x64
		{6EC7D143-E193-4785-BD3E-BF31C4E185D0}.Debug|x64.Build.0 = Debug|x64
		{6EC7D143-E193-4785-BD3E-BF31C4E185D0}.Debug|x86.ActiveCfg = Debug|Win32
		{6EC7D143-E193-4785-BD3E-BF31C4E185D0}.Debug|x86.Build.0 = Debug|Win32
		{6EC7D143-E193-4785-BD3E-BF31C4E185D0}.DX12_Debug|ARM64.ActiveCfg = DX12_Debug|Win32
		{6EC7D143-E193-4785-BD3E-BF31C4E185D0}.DX12_Debug|x64.ActiveCfg = DX12_Debug|x64
		{6EC7D143-E193-4785-BD3E-BF31C4E185D0}.DX12_Debug|x64.Build.0 = DX12_Debug|x64
		{6EC7D143-E193-4785-BD3E-BF31C4E185D0}.DX12_Debug|x86.ActiveCfg = DX12_Debug|Win32
		{6EC7D143-E193-4785-BD3E-BF31C4E185D0}.DX12_Debug|x86.Build.0 = DX12_Debug|Win32
		{6EC7D143-E193-4785-BD3E-BF31C4E185D0}.Preview|ARM64.ActiveCfg = Preview|Win32
		{6EC7D143-E193-4785-BD3E-BF31C4E185D0}.Preview|x64.ActiveCfg = Preview|x64
		{6EC7D143-E193-4785-BD3E-BF31C4E185D0}.Preview|x64.Build.0 = Preview|x64
		{6EC7D143-E193-4785-BD3E-BF31C4E185D0}.Preview|x86.ActiveCfg = Release|Win32
		{6EC7D143-E193-4785-BD3E-BF31C4E185D0}.Preview|x86.Build.0 = Release|Win32
		{6EC7D143-E193-4785-BD3E-BF31C4E185D0}.Release|ARM64.ActiveCfg = Release|Win32
		{6EC7D143-E193-4785-BD3E-BF31C4E185D0}.Release|x64.ActiveCfg = Release|x64
		{6EC7D143-E193-4785-BD3E-BF31C4E185D0}.Release|x64.Build.0 = Release|x64
		{6EC7D143-E193-4785-BD3E-BF31C4E185D0}.Release|x86.ActiveCfg = Release|Win32
		{6EC7D143-E193-4785-BD3E-BF31C4E185D0}.Release|x86.Build.0 = Release|Win32
		{78612C61-DC1C-4143-B5F7-1534A721E849}.Debug|ARM64.ActiveCfg = Debug|Win32
		{78612C61-DC1C-4143-B5F7-1534A721E849}.Debug|x64.ActiveCfg = Debug|x64
		{78612C61-DC1C-4143-B5F7-1534A721E849}.Debug|x64.Build.0 = Debug|x64
		{78612C61-DC1C-4143-B5F7-1534A721E849}.Debug|x86.ActiveCfg = Debug|Win32
		{78612C61-DC1C-4143-B5F7-1534A721E849}.Debug|x86.Build.0 = Debug|Win32
		{78612C61-DC1C-4143-B5F7-1534A721E849}.DX12_Debug|ARM64.ActiveCfg = DX12_Debug|Win32
		{78612C61-DC1C-4143-B5F7-1534A721E849}.DX12_Debug|x64.ActiveCfg = DX12_Debug|x64
		{78612C61-DC1C-4143-B5F7-1534A721E849}.DX12_Debug|x64.Build.0 = DX12_Debug|x64
		{78612C61-DC1C-4143-B5F7-1534A721E849}.DX12_Debug|x86.ActiveCfg = Debug|Win32
		{78612C61-DC1C-4143-B5F7-1534A721E849}.DX12_Debug|x86.Build.0 = Debug|Win32
		{78612C61-DC1C-4143-B5F7-1534A721E849}.Preview|ARM64.ActiveCfg = Preview|Win32
		{78612C61-DC1C-4143-B5F7-1534A721E849}.Preview|x64.ActiveCfg = Preview|x64
		{78612C61-DC1C-4143-B5F7-1534A721E849}.Preview|x64.Build.0 = Preview|x64
		{78612C61-DC1C-4143-B5F7-1534A721E849}.Preview|x86.ActiveCfg = Preview|Win32
		{78612C61-DC1C-4143-B5F7-1534A721E849}.Preview|x86.Build.0 = Preview|Win32
		{78612C61-DC1C-4143-B5F7-1534A721E849}.Release|ARM64.ActiveCfg = Release|Win32
		{78612C61-DC1C-4143-B5F7-1534A721E849}.Release|x64.ActiveCfg = Release|x64
		{78612C61-DC1C-4143-B5F7-1534A721E849}.Release|x64.Build.0 = Release|x64
		{78612C61-DC1C-4143-B5F7-1534A721E849}.Release|x86.ActiveCfg = Release|Win32
		{78612C61-DC1C-4143-B5F7-1534A721E849}.Release|x86.Build.0 = Release|Win32
		{E0B52AE7-E160-4D32-BF3F-910B785E5A8E}.Debug|ARM64.ActiveCfg = Debug|Win32
		{E0B52AE7-E160-4D32-BF3F-910B785E5A8E}.Debug|x64.ActiveCfg = Debug|x64
		{E0B52AE7-E160-4D32-BF3F-910B785E5A8E}.Debug|x64.Build.0 = Debug|x64
		{E0B52AE7-E160-4D32-BF3F-910B785E5A8E}.Debug|x86.ActiveCfg = Debug|Win32
		{E0B52AE7-E160-4D32-BF3F-910B785E5A8E}.Debug|x86.Build.0 = Debug|Win32
		{E0B52AE7-E160-4D32-BF3F-910B785E5A8E}.DX12_Debug|ARM64.ActiveCfg = Release|Win32
		{E0B52AE7-E160-4D32-BF3F-910B785E5A8E}.DX12_Debug|ARM64.Build.0 = Release|Win32
		{E0B52AE7-E160-4D32-BF3F-910B785E5A8E}.DX12_Debug|x64.ActiveCfg = Debug|x64
		{E0B52AE7-E160-4D32-BF3F-910B785E5A8E}.DX12_Debug|x64.Build.0 = Debug|x64
		{E0B52AE7-E160-4D32-BF3F-910B785E5A8E}.DX12_Debug|x86.ActiveCfg = Debug|Win32
		{E0B52AE7-E160-4D32-BF3F-910B785E5A8E}.DX12_Debug|x86.Build.0 = Debug|Win32
		{E0B52AE7-E160-4D32-BF3F-910B785E5A8E}.Preview|ARM64.ActiveCfg = Preview|Win32
		{E0B52AE7-E160-4D32-BF3F-910B785E5A8E}.Preview|x64.ActiveCfg = Preview|x64
		{E0B52AE7-E160-4D32-BF3F-910B785E5A8E}.Preview|x64.Build.0 = Preview|x64
		{E0B52AE7-E160-4D32-BF3F-910B785E5A8E}.Preview|x86.ActiveCfg = Preview|Win32
		{E0B52AE7-E160-4D32-BF3F-910B785E5A8E}.Preview|x86.Build.0 = Preview|Win32
		{E0B52AE7-E160-4D32-BF3F-910B785E5A8E}.Release|ARM64.ActiveCfg = Release|Win32
		{E0B52AE7-E160-4D32-BF3F-910B785E5A8E}.Release|x64.ActiveCfg = Release|x64
		{E0B52AE7-E160-4D32-BF3F-910B785E5A8E}.Release|x64.Build.0 = Release|x64
		{E0B52AE7-E160-4D32-BF3F-910B785E5A8E}.Release|x86.ActiveCfg = Release|Win32
		{E0B52AE7-E160-4D32-BF3F-910B785E5A8E}.Release|x86.Build.0 = Release|Win32
		{3E0E8608-CD9B-4C76-AF33-29CA38F2C9F0}.Debug|ARM64.ActiveCfg = Debug|ARM64
		{3E0E8608-CD9B-4C76-AF33-29CA38F2C9F0}.Debug|ARM64.Build.0 = Debug|ARM64
		{3E0E8608-CD9B-4C76-AF33-29CA38F2C9F0}.Debug|x64.ActiveCfg = Debug|x64
		{3E0E8608-CD9B-4C76-AF33-29CA38F2C9F0}.Debug|x64.Build.0 = Debug|x64
		{3E0E8608-CD9B-4C76-AF33-29CA38F2C9F0}.Debug|x86.ActiveCfg = Debug|Win32
		{3E0E8608-CD9B-4C76-AF33-29CA38F2C9F0}.Debug|x86.Build.0 = Debug|Win32
		{3E0E8608-CD9B-4C76-AF33-29CA38F2C9F0}.DX12_Debug|ARM64.ActiveCfg = Debug|ARM64
		{3E0E8608-CD9B-4C76-AF33-29CA38F2C9F0}.DX12_Debug|ARM64.Build.0 = Debug|ARM64
		{3E0E8608-CD9B-4C76-AF33-29CA38F2C9F0}.DX12_Debug|x64.ActiveCfg = Debug|x64
		{3E0E8608-CD9B-4C76-AF33-29CA38F2C9F0}.DX12_Debug|x64.Build.0 = Debug|x64
		{3E0E8608-CD9B-4C76-AF33-29CA38F2C9F0}.DX12_Debug|x86.ActiveCfg = Debug|Win32
		{3E0E8608-CD9B-4C76-AF33-29CA38F2C9F0}.DX12_Debug|x86.Build.0 = Debug|Win32
		{3E0E8608-CD9B-4C76-AF33-29CA38F2C9F0}.Preview|ARM64.ActiveCfg = Release|ARM64
		{3E0E8608-CD9B-4C76-AF33-29CA38F2C9F0}.Preview|ARM64.Build.0 = Release|ARM64
		{3E0E8608-CD9B-4C76-AF33-29CA38F2C9F0}.Preview|x64.ActiveCfg = Release|x64
		{3E0E8608-CD9B-4C76-AF33-29CA38F2C9F0}.Preview|x64.Build.0 = Release|x64
		{3E0E8608-CD9B-4C76-AF33-29CA38F2C9F0}.Preview|x86.ActiveCfg = Release|Win32
		{3E0E8608-CD9B-4C76-AF33-29CA38F2C9F0}.Preview|x86.Build.0 = Release|Win32
		{3E0E8608-CD9B-4C76-AF33-29CA38F2C9F0}.Release|ARM64.ActiveCfg = Release|ARM64
		{3E0E8608-CD9B-4C76-AF33-29CA38F2C9F0}.Release|ARM64.Build.0 = Release|ARM64
		{3E0E8608-CD9B-4C76-AF33-29CA38F2C9F0}.Release|x64.ActiveCfg = Release|x64
		{3E0E8608-CD9B-4C76-AF33-29CA38F2C9F0}.Release|x64.Build.0 = Release|x64
		{3E0E8608-CD9B-4C76-AF33-29CA38F2C9F0}.Release|x86.ActiveCfg = Release|Win32
		{3E0E8608-CD9B-4C76-AF33-29CA38F2C9F0}.Release|x86.Build.0 = Release|Win32
	EndGlobalSection
	GlobalSection(SolutionProperties) = preSolution
		HideSolutionNode = FALSE
	EndGlobalSection
	GlobalSection(ExtensibilityGlobals) = postSolution
		SolutionGuid = {0DFBA8E6-01AC-4AA4-B1EB-AA502EC5E51E}
	EndGlobalSection
EndGlobal
